
Microsoft Visual Studio Solution File, Format Version 12.00
# Visual Studio Version 16
VisualStudioVersion = 16.0.28803.202
MinimumVisualStudioVersion = 10.0.40219.1
Project("{FAE04EC0-301F-11D3-BF4B-00C04F79EFBC}") = "MovieRentalDB", "MovieRentalDB.csproj", "{AECFC15F-7142-4067-B572-4358A8DD9722}"
EndProject
Global
	GlobalSection(SolutionConfigurationPlatforms) = preSolution
		Debug|Any CPU = Debug|Any CPU
		Release|Any CPU = Release|Any CPU
	EndGlobalSection
	GlobalSection(ProjectConfigurationPlatforms) = postSolution
		{AECFC15F-7142-4067-B572-4358A8DD9722}.Debug|Any CPU.ActiveCfg = Debug|Any CPU
		{AECFC15F-7142-4067-B572-4358A8DD9722}.Debug|Any CPU.Build.0 = Debug|Any CPU
		{AECFC15F-7142-4067-B572-4358A8DD9722}.Release|Any CPU.ActiveCfg = Release|Any CPU
		{AECFC15F-7142-4067-B572-4358A8DD9722}.Release|Any CPU.Build.0 = Release|Any CPU
	EndGlobalSection
	GlobalSection(SolutionProperties) = preSolution
		HideSolutionNode = FALSE
	EndGlobalSection
	GlobalSection(ExtensibilityGlobals) = postSolution
		SolutionGuid = {91A390CA-3D52-4FA6-A128-C0307D7D8701}
	EndGlobalSection
EndGlobal
